
Microsoft Visual Studio Solution File, Format Version 12.00
# Visual Studio 15
VisualStudioVersion = 15.0.28010.2048
MinimumVisualStudioVersion = 10.0.40219.1
Project("{FAE04EC0-301F-11D3-BF4B-00C04F79EFBC}") = "FirstApp", "ConsoleApp\FirstApp.csproj", "{AB6AF640-BC29-47CD-8544-7DD5492597DF}"
EndProject
Project("{FAE04EC0-301F-11D3-BF4B-00C04F79EFBC}") = "SecondApp", "SecondApp\SecondApp.csproj", "{FD93F10D-AD8A-42B8-90CB-B740E3DA546C}"
EndProject
Project("{FAE04EC0-301F-11D3-BF4B-00C04F79EFBC}") = "ThirdApp", "ThirdApp\ThirdApp.csproj", "{50007670-4DBB-4092-87EC-CAAC5C5C1AD9}"
EndProject
Project("{FAE04EC0-301F-11D3-BF4B-00C04F79EFBC}") = "FourthApp", "FourthApp\FourthApp.csproj", "{B522201B-1447-4E46-AD77-CBA4D37E7B2B}"
EndProject
Global
	GlobalSection(SolutionConfigurationPlatforms) = preSolution
		Debug|Any CPU = Debug|Any CPU
		Release|Any CPU = Release|Any CPU
	EndGlobalSection
	GlobalSection(ProjectConfigurationPlatforms) = postSolution
		{AB6AF640-BC29-47CD-8544-7DD5492597DF}.Debug|Any CPU.ActiveCfg = Debug|Any CPU
		{AB6AF640-BC29-47CD-8544-7DD5492597DF}.Debug|Any CPU.Build.0 = Debug|Any CPU
		{AB6AF640-BC29-47CD-8544-7DD5492597DF}.Release|Any CPU.ActiveCfg = Release|Any CPU
		{AB6AF640-BC29-47CD-8544-7DD5492597DF}.Release|Any CPU.Build.0 = Release|Any CPU
		{FD93F10D-AD8A-42B8-90CB-B740E3DA546C}.Debug|Any CPU.ActiveCfg = Debug|Any CPU
		{FD93F10D-AD8A-42B8-90CB-B740E3DA546C}.Debug|Any CPU.Build.0 = Debug|Any CPU
		{FD93F10D-AD8A-42B8-90CB-B740E3DA546C}.Release|Any CPU.ActiveCfg = Release|Any CPU
		{FD93F10D-AD8A-42B8-90CB-B740E3DA546C}.Release|Any CPU.Build.0 = Release|Any CPU
		{50007670-4DBB-4092-87EC-CAAC5C5C1AD9}.Debug|Any CPU.ActiveCfg = Debug|Any CPU
		{50007670-4DBB-4092-87EC-CAAC5C5C1AD9}.Debug|Any CPU.Build.0 = Debug|Any CPU
		{50007670-4DBB-4092-87EC-CAAC5C5C1AD9}.Release|Any CPU.ActiveCfg = Release|Any CPU
		{50007670-4DBB-4092-87EC-CAAC5C5C1AD9}.Release|Any CPU.Build.0 = Release|Any CPU
		{B522201B-1447-4E46-AD77-CBA4D37E7B2B}.Debug|Any CPU.ActiveCfg = Debug|Any CPU
		{B522201B-1447-4E46-AD77-CBA4D37E7B2B}.Debug|Any CPU.Build.0 = Debug|Any CPU
		{B522201B-1447-4E46-AD77-CBA4D37E7B2B}.Release|Any CPU.ActiveCfg = Release|Any CPU
		{B522201B-1447-4E46-AD77-CBA4D37E7B2B}.Release|Any CPU.Build.0 = Release|Any CPU
	EndGlobalSection
	GlobalSection(SolutionProperties) = preSolution
		HideSolutionNode = FALSE
	EndGlobalSection
	GlobalSection(ExtensibilityGlobals) = postSolution
		SolutionGuid = {5BF9245F-F191-483D-AD3B-72AC791B1392}
	EndGlobalSection
EndGlobal
